{
  "nodes": {
    "nixpkgs": {
      "locked": {
        "lastModified": 1681272286,
        "narHash": "sha256-9X5p+gwYrowgbsRgkf14HFI0fkr6UikuwRIQAMlF1yI=",
        "owner": "NixOS",
        "repo": "nixpkgs",
        "rev": "6b70761ea8c896aff8994eb367d9526686501860",
        "type": "github"
      },
      "original": {
        "id": "nixpkgs",
        "type": "indirect"
      }
    },
    "nixpkgs_2": {
      "locked": {
        "lastModified": 1681272286,
        "narHash": "sha256-9X5p+gwYrowgbsRgkf14HFI0fkr6UikuwRIQAMlF1yI=",
        "owner": "NixOS",
        "repo": "nixpkgs",
        "rev": "6b70761ea8c896aff8994eb367d9526686501860",
        "type": "github"
      },
      "original": {
        "id": "nixpkgs",
        "type": "indirect"
      }
    },
    "nvim-vimrc-code": {
      "inputs": {
        "nixpkgs": "nixpkgs_2"
      },
      "locked": {
        "lastModified": 1681354263,
        "narHash": "sha256-L756J8tjVCGwR8rp0M6nAWmIdl9LmbKwg//WTb04/ys=",
        "owner": "argent0",
        "repo": "flake-nvim-vimrc-code",
        "rev": "ae2e106a8a8269db8042422e301a63164e8ce847",
        "type": "github"
      },
      "original": {
        "owner": "argent0",
        "repo": "flake-nvim-vimrc-code",
        "type": "github"
      }
    },
    "root": {
      "inputs": {
        "nixpkgs": "nixpkgs",
        "nvim-vimrc-code": "nvim-vimrc-code"
      }
    }
  },
  "root": "root",
  "version": 7
}
